
Microsoft Visual Studio Solution File, Format Version 12.00
# Visual Studio Version 17
VisualStudioVersion = 17.13.35931.197 d17.13
MinimumVisualStudioVersion = 10.0.40219.1
Project("{FAE04EC0-301F-11D3-BF4B-00C04F79EFBC}") = "EmotionBind", "EmotionBind.csproj", "{4D7E7714-6BCD-4878-9B88-3525AFCC5AA5}"
EndProject
Global
	GlobalSection(SolutionConfigurationPlatforms) = preSolution
		Debug|Any CPU = Debug|Any CPU
		Release|Any CPU = Release|Any CPU
	EndGlobalSection
	GlobalSection(ProjectConfigurationPlatforms) = postSolution
		{4D7E7714-6BCD-4878-9B88-3525AFCC5AA5}.Debug|Any CPU.ActiveCfg = Debug|Any CPU
		{4D7E7714-6BCD-4878-9B88-3525AFCC5AA5}.Debug|Any CPU.Build.0 = Debug|Any CPU
		{4D7E7714-6BCD-4878-9B88-3525AFCC5AA5}.Release|Any CPU.ActiveCfg = Release|Any CPU
		{4D7E7714-6BCD-4878-9B88-3525AFCC5AA5}.Release|Any CPU.Build.0 = Release|Any CPU
	EndGlobalSection
	GlobalSection(SolutionProperties) = preSolution
		HideSolutionNode = FALSE
	EndGlobalSection
	GlobalSection(ExtensibilityGlobals) = postSolution
		SolutionGuid = {4067FEB8-2BAC-4D9B-BEB7-69B595FBF669}
	EndGlobalSection
EndGlobal
